
Microsoft Visual Studio Solution File, Format Version 12.00
# Visual Studio Version 17
VisualStudioVersion = 17.4.33103.184
MinimumVisualStudioVersion = 10.0.40219.1
Project("{FAE04EC0-301F-11D3-BF4B-00C04F79EFBC}") = "LesBases", "LesBases\LesBases.csproj", "{ED7C702E-CCFD-413F-82C5-5FC39AD13E00}"
EndProject
Project("{FAE04EC0-301F-11D3-BF4B-00C04F79EFBC}") = "GEometrie.BLL", "GEometrie.BLL\GEometrie.BLL.csproj", "{33E535C7-23AF-44CC-ABBD-E20D88D3D354}"
EndProject
Project("{FAE04EC0-301F-11D3-BF4B-00C04F79EFBC}") = "GEometri.console", "GEometri.console\GEometri.console.csproj", "{102F51E4-51A8-4B6D-A321-033C8F00D145}"
EndProject
Global
	GlobalSection(SolutionConfigurationPlatforms) = preSolution
		Debug|Any CPU = Debug|Any CPU
		Release|Any CPU = Release|Any CPU
	EndGlobalSection
	GlobalSection(ProjectConfigurationPlatforms) = postSolution
		{ED7C702E-CCFD-413F-82C5-5FC39AD13E00}.Debug|Any CPU.ActiveCfg = Debug|Any CPU
		{ED7C702E-CCFD-413F-82C5-5FC39AD13E00}.Debug|Any CPU.Build.0 = Debug|Any CPU
		{ED7C702E-CCFD-413F-82C5-5FC39AD13E00}.Release|Any CPU.ActiveCfg = Release|Any CPU
		{ED7C702E-CCFD-413F-82C5-5FC39AD13E00}.Release|Any CPU.Build.0 = Release|Any CPU
		{33E535C7-23AF-44CC-ABBD-E20D88D3D354}.Debug|Any CPU.ActiveCfg = Debug|Any CPU
		{33E535C7-23AF-44CC-ABBD-E20D88D3D354}.Debug|Any CPU.Build.0 = Debug|Any CPU
		{33E535C7-23AF-44CC-ABBD-E20D88D3D354}.Release|Any CPU.ActiveCfg = Release|Any CPU
		{33E535C7-23AF-44CC-ABBD-E20D88D3D354}.Release|Any CPU.Build.0 = Release|Any CPU
		{102F51E4-51A8-4B6D-A321-033C8F00D145}.Debug|Any CPU.ActiveCfg = Debug|Any CPU
		{102F51E4-51A8-4B6D-A321-033C8F00D145}.Debug|Any CPU.Build.0 = Debug|Any CPU
		{102F51E4-51A8-4B6D-A321-033C8F00D145}.Release|Any CPU.ActiveCfg = Release|Any CPU
		{102F51E4-51A8-4B6D-A321-033C8F00D145}.Release|Any CPU.Build.0 = Release|Any CPU
	EndGlobalSection
	GlobalSection(SolutionProperties) = preSolution
		HideSolutionNode = FALSE
	EndGlobalSection
	GlobalSection(ExtensibilityGlobals) = postSolution
		SolutionGuid = {1F6E3984-1B07-4250-A7A0-35B363DB9D6A}
	EndGlobalSection
EndGlobal
